
Microsoft Visual Studio Solution File, Format Version 12.00
# Visual Studio Version 17
VisualStudioVersion = 17.13.35825.156 d17.13
MinimumVisualStudioVersion = 10.0.40219.1
Project("{FAE04EC0-301F-11D3-BF4B-00C04F79EFBC}") = "Partner_Management", "Partner_Management.csproj", "{98684F15-D489-4677-ABF3-3BB6A713C4B1}"
EndProject
Global
	GlobalSection(SolutionConfigurationPlatforms) = preSolution
		Debug|Any CPU = Debug|Any CPU
		Release|Any CPU = Release|Any CPU
	EndGlobalSection
	GlobalSection(ProjectConfigurationPlatforms) = postSolution
		{98684F15-D489-4677-ABF3-3BB6A713C4B1}.Debug|Any CPU.ActiveCfg = Debug|Any CPU
		{98684F15-D489-4677-ABF3-3BB6A713C4B1}.Debug|Any CPU.Build.0 = Debug|Any CPU
		{98684F15-D489-4677-ABF3-3BB6A713C4B1}.Release|Any CPU.ActiveCfg = Release|Any CPU
		{98684F15-D489-4677-ABF3-3BB6A713C4B1}.Release|Any CPU.Build.0 = Release|Any CPU
	EndGlobalSection
	GlobalSection(SolutionProperties) = preSolution
		HideSolutionNode = FALSE
	EndGlobalSection
	GlobalSection(ExtensibilityGlobals) = postSolution
		SolutionGuid = {CB1D5C37-E08A-49E0-A48E-D77F667490DF}
	EndGlobalSection
EndGlobal
